// !$*UTF8*$!
{
	archiveVersion = 1;
	classes = {
	};
	objectVersion = 50;
	objects = {

/* Begin PBXBuildFile section */
		36041571240C589200090EF3 /* AppDelegate.swift in Sources */ = {isa = PBXBuildFile; fileRef = 36041570240C589200090EF3 /* AppDelegate.swift */; };
		36041573240C589200090EF3 /* SceneDelegate.swift in Sources */ = {isa = PBXBuildFile; fileRef = 36041572240C589200090EF3 /* SceneDelegate.swift */; };
		36041578240C589200090EF3 /* Main.storyboard in Resources */ = {isa = PBXBuildFile; fileRef = 36041576240C589200090EF3 /* Main.storyboard */; };
		3604157A240C589300090EF3 /* Assets.xcassets in Resources */ = {isa = PBXBuildFile; fileRef = 36041579240C589300090EF3 /* Assets.xcassets */; };
		3604157D240C589300090EF3 /* LaunchScreen.storyboard in Resources */ = {isa = PBXBuildFile; fileRef = 3604157B240C589300090EF3 /* LaunchScreen.storyboard */; };
		36041586240C5AFB00090EF3 /* LoadingVC.swift in Sources */ = {isa = PBXBuildFile; fileRef = 36041585240C5AFB00090EF3 /* LoadingVC.swift */; };
		363B6A7024182B40008A2827 /* OnboardingCell.swift in Sources */ = {isa = PBXBuildFile; fileRef = 363B6A6F24182B40008A2827 /* OnboardingCell.swift */; };
		363B6A7324182C5B008A2827 /* Slide.swift in Sources */ = {isa = PBXBuildFile; fileRef = 363B6A7224182C5B008A2827 /* Slide.swift */; };
		368C3E5E2416E2CA00FAC3B7 /* Helper.swift in Sources */ = {isa = PBXBuildFile; fileRef = 368C3E5D2416E2CA00FAC3B7 /* Helper.swift */; };
		368C3E602416E3C300FAC3B7 /* Constants.swift in Sources */ = {isa = PBXBuildFile; fileRef = 368C3E5F2416E3C300FAC3B7 /* Constants.swift */; };
		368C3E622416E57400FAC3B7 /* SettingsVC.swift in Sources */ = {isa = PBXBuildFile; fileRef = 368C3E612416E57400FAC3B7 /* SettingsVC.swift */; };
		368C3E652416E83F00FAC3B7 /* PresenterManager.swift in Sources */ = {isa = PBXBuildFile; fileRef = 368C3E642416E83F00FAC3B7 /* PresenterManager.swift */; };
		368C3E672416EB4600FAC3B7 /* OnboardingVC.swift in Sources */ = {isa = PBXBuildFile; fileRef = 368C3E662416EB4600FAC3B7 /* OnboardingVC.swift */; };
/* End PBXBuildFile section */

/* Begin PBXFileReference section */
		3604156D240C589200090EF3 /* Travel.app */ = {isa = PBXFileReference; explicitFileType = wrapper.application; includeInIndex = 0; path = Travel.app; sourceTree = BUILT_PRODUCTS_DIR; };
		36041570240C589200090EF3 /* AppDelegate.swift */ = {isa = PBXFileReference; lastKnownFileType = sourcecode.swift; path = AppDelegate.swift; sourceTree = "<group>"; };
		36041572240C589200090EF3 /* SceneDelegate.swift */ = {isa = PBXFileReference; lastKnownFileType = sourcecode.swift; path = SceneDelegate.swift; sourceTree = "<group>"; };
		36041577240C589200090EF3 /* Base */ = {isa = PBXFileReference; lastKnownFileType = file.storyboard; name = Base; path = Base.lproj/Main.storyboard; sourceTree = "<group>"; };
		36041579240C589300090EF3 /* Assets.xcassets */ = {isa = PBXFileReference; lastKnownFileType = folder.assetcatalog; path = Assets.xcassets; sourceTree = "<group>"; };
		3604157C240C589300090EF3 /* Base */ = {isa = PBXFileReference; lastKnownFileType = file.storyboard; name = Base; path = Base.lproj/LaunchScreen.storyboard; sourceTree = "<group>"; };
		3604157E240C589300090EF3 /* Info.plist */ = {isa = PBXFileReference; lastKnownFileType = text.plist.xml; path = Info.plist; sourceTree = "<group>"; };
		36041585240C5AFB00090EF3 /* LoadingVC.swift */ = {isa = PBXFileReference; lastKnownFileType = sourcecode.swift; path = LoadingVC.swift; sourceTree = "<group>"; };
		363B6A6F24182B40008A2827 /* OnboardingCell.swift */ = {isa = PBXFileReference; lastKnownFileType = sourcecode.swift; path = OnboardingCell.swift; sourceTree = "<group>"; };
		363B6A7224182C5B008A2827 /* Slide.swift */ = {isa = PBXFileReference; lastKnownFileType = sourcecode.swift; path = Slide.swift; sourceTree = "<group>"; };
		368C3E5D2416E2CA00FAC3B7 /* Helper.swift */ = {isa = PBXFileReference; lastKnownFileType = sourcecode.swift; path = Helper.swift; sourceTree = "<group>"; };
		368C3E5F2416E3C300FAC3B7 /* Constants.swift */ = {isa = PBXFileReference; lastKnownFileType = sourcecode.swift; path = Constants.swift; sourceTree = "<group>"; };
		368C3E612416E57400FAC3B7 /* SettingsVC.swift */ = {isa = PBXFileReference; lastKnownFileType = sourcecode.swift; path = SettingsVC.swift; sourceTree = "<group>"; };
		368C3E642416E83F00FAC3B7 /* PresenterManager.swift */ = {isa = PBXFileReference; lastKnownFileType = sourcecode.swift; path = PresenterManager.swift; sourceTree = "<group>"; };
		368C3E662416EB4600FAC3B7 /* OnboardingVC.swift */ = {isa = PBXFileReference; lastKnownFileType = sourcecode.swift; path = OnboardingVC.swift; sourceTree = "<group>"; };
/* End PBXFileReference section */

/* Begin PBXFrameworksBuildPhase section */
		3604156A240C589200090EF3 /* Frameworks */ = {
			isa = PBXFrameworksBuildPhase;
			buildActionMask = 2147483647;
			files = (
			);
			runOnlyForDeploymentPostprocessing = 0;
		};
/* End PBXFrameworksBuildPhase section */

/* Begin PBXGroup section */
		36041564240C589200090EF3 = {
			isa = PBXGroup;
			children = (
				3604156F240C589200090EF3 /* Travel */,
				3604156E240C589200090EF3 /* Products */,
			);
			sourceTree = "<group>";
		};
		3604156E240C589200090EF3 /* Products */ = {
			isa = PBXGroup;
			children = (
				3604156D240C589200090EF3 /* Travel.app */,
			);
			name = Products;
			sourceTree = "<group>";
		};
		3604156F240C589200090EF3 /* Travel */ = {
			isa = PBXGroup;
			children = (
				363B6A7124182C4B008A2827 /* Models */,
				363B6A6E24182B2A008A2827 /* Views */,
				368C3E632416E82C00FAC3B7 /* Managers */,
				368C3E5C2416E2B800FAC3B7 /* Helpers */,
				36041584240C5ADB00090EF3 /* Controllers */,
				36041570240C589200090EF3 /* AppDelegate.swift */,
				36041572240C589200090EF3 /* SceneDelegate.swift */,
				36041576240C589200090EF3 /* Main.storyboard */,
				36041579240C589300090EF3 /* Assets.xcassets */,
				3604157B240C589300090EF3 /* LaunchScreen.storyboard */,
				3604157E240C589300090EF3 /* Info.plist */,
			);
			path = Travel;
			sourceTree = "<group>";
		};
		36041584240C5ADB00090EF3 /* Controllers */ = {
			isa = PBXGroup;
			children = (
				36041585240C5AFB00090EF3 /* LoadingVC.swift */,
				368C3E612416E57400FAC3B7 /* SettingsVC.swift */,
				368C3E662416EB4600FAC3B7 /* OnboardingVC.swift */,
			);
			path = Controllers;
			sourceTree = "<group>";
		};
		363B6A6E24182B2A008A2827 /* Views */ = {
			isa = PBXGroup;
			children = (
				363B6A6F24182B40008A2827 /* OnboardingCell.swift */,
			);
			path = Views;
			sourceTree = "<group>";
		};
		363B6A7124182C4B008A2827 /* Models */ = {
			isa = PBXGroup;
			children = (
				363B6A7224182C5B008A2827 /* Slide.swift */,
			);
			path = Models;
			sourceTree = "<group>";
		};
		368C3E5C2416E2B800FAC3B7 /* Helpers */ = {
			isa = PBXGroup;
			children = (
				368C3E5D2416E2CA00FAC3B7 /* Helper.swift */,
				368C3E5F2416E3C300FAC3B7 /* Constants.swift */,
			);
			path = Helpers;
			sourceTree = "<group>";
		};
		368C3E632416E82C00FAC3B7 /* Managers */ = {
			isa = PBXGroup;
			children = (
				368C3E642416E83F00FAC3B7 /* PresenterManager.swift */,
			);
			path = Managers;
			sourceTree = "<group>";
		};
/* End PBXGroup section */

/* Begin PBXNativeTarget section */
		3604156C240C589200090EF3 /* Travel */ = {
			isa = PBXNativeTarget;
			buildConfigurationList = 36041581240C589300090EF3 /* Build configuration list for PBXNativeTarget "Travel" */;
			buildPhases = (
				36041569240C589200090EF3 /* Sources */,
				3604156A240C589200090EF3 /* Frameworks */,
				3604156B240C589200090EF3 /* Resources */,
			);
			buildRules = (
			);
			dependencies = (
			);
			name = Travel;
			productName = Travel;
			productReference = 3604156D240C589200090EF3 /* Travel.app */;
			productType = "com.apple.product-type.application";
		};
/* End PBXNativeTarget section */

/* Begin PBXProject section */
		36041565240C589200090EF3 /* Project object */ = {
			isa = PBXProject;
			attributes = {
				LastSwiftUpdateCheck = 1130;
				LastUpgradeCheck = 1130;
				ORGANIZATIONNAME = GeeTeam;
				TargetAttributes = {
					3604156C240C589200090EF3 = {
						CreatedOnToolsVersion = 11.3.1;
					};
				};
			};
			buildConfigurationList = 36041568240C589200090EF3 /* Build configuration list for PBXProject "Travel" */;
			compatibilityVersion = "Xcode 9.3";
			developmentRegion = en;
			hasScannedForEncodings = 0;
			knownRegions = (
				en,
				Base,
			);
			mainGroup = 36041564240C589200090EF3;
			productRefGroup = 3604156E240C589200090EF3 /* Products */;
			projectDirPath = "";
			projectRoot = "";
			targets = (
				3604156C240C589200090EF3 /* Travel */,
			);
		};
/* End PBXProject section */

/* Begin PBXResourcesBuildPhase section */
		3604156B240C589200090EF3 /* Resources */ = {
			isa = PBXResourcesBuildPhase;
			buildActionMask = 2147483647;
			files = (
				3604157D240C589300090EF3 /* LaunchScreen.storyboard in Resources */,
				3604157A240C589300090EF3 /* Assets.xcassets in Resources */,
				36041578240C589200090EF3 /* Main.storyboard in Resources */,
			);
			runOnlyForDeploymentPostprocessing = 0;
		};
/* End PBXResourcesBuildPhase section */

/* Begin PBXSourcesBuildPhase section */
		36041569240C589200090EF3 /* Sources */ = {
			isa = PBXSourcesBuildPhase;
			buildActionMask = 2147483647;
			files = (
				368C3E602416E3C300FAC3B7 /* Constants.swift in Sources */,
				368C3E672416EB4600FAC3B7 /* OnboardingVC.swift in Sources */,
				36041571240C589200090EF3 /* AppDelegate.swift in Sources */,
				36041573240C589200090EF3 /* SceneDelegate.swift in Sources */,
				36041586240C5AFB00090EF3 /* LoadingVC.swift in Sources */,
				363B6A7024182B40008A2827 /* OnboardingCell.swift in Sources */,
				368C3E5E2416E2CA00FAC3B7 /* Helper.swift in Sources */,
				368C3E652416E83F00FAC3B7 /* PresenterManager.swift in Sources */,
				368C3E622416E57400FAC3B7 /* SettingsVC.swift in Sources */,
				363B6A7324182C5B008A2827 /* Slide.swift in Sources */,
			);
			runOnlyForDeploymentPostprocessing = 0;
		};
/* End PBXSourcesBuildPhase section */

/* Begin PBXVariantGroup section */
		36041576240C589200090EF3 /* Main.storyboard */ = {
			isa = PBXVariantGroup;
			children = (
				36041577240C589200090EF3 /* Base */,
			);
			name = Main.storyboard;
			sourceTree = "<group>";
		};
		3604157B240C589300090EF3 /* LaunchScreen.storyboard */ = {
			isa = PBXVariantGroup;
			children = (
				3604157C240C589300090EF3 /* Base */,
			);
			name = LaunchScreen.storyboard;
			sourceTree = "<group>";
		};
/* End PBXVariantGroup section */

/* Begin XCBuildConfiguration section */
		3604157F240C589300090EF3 /* Debug */ = {
			isa = XCBuildConfiguration;
			buildSettings = {
				ALWAYS_SEARCH_USER_PATHS = NO;
				CLANG_ANALYZER_NONNULL = YES;
				CLANG_ANALYZER_NUMBER_OBJECT_CONVERSION = YES_AGGRESSIVE;
				CLANG_CXX_LANGUAGE_STANDARD = "gnu++14";
				CLANG_CXX_LIBRARY = "libc++";
				CLANG_ENABLE_MODULES = YES;
				CLANG_ENABLE_OBJC_ARC = YES;
				CLANG_ENABLE_OBJC_WEAK = YES;
				CLANG_WARN_BLOCK_CAPTURE_AUTORELEASING = YES;
				CLANG_WARN_BOOL_CONVERSION = YES;
				CLANG_WARN_COMMA = YES;
				CLANG_WARN_CONSTANT_CONVERSION = YES;
				CLANG_WARN_DEPRECATED_OBJC_IMPLEMENTATIONS = YES;
				CLANG_WARN_DIRECT_OBJC_ISA_USAGE = YES_ERROR;
				CLANG_WARN_DOCUMENTATION_COMMENTS = YES;
				CLANG_WARN_EMPTY_BODY = YES;
				CLANG_WARN_ENUM_CONVERSION = YES;
				CLANG_WARN_INFINITE_RECURSION = YES;
				CLANG_WARN_INT_CONVERSION = YES;
				CLANG_WARN_NON_LITERAL_NULL_CONVERSION = YES;
				CLANG_WARN_OBJC_IMPLICIT_RETAIN_SELF = YES;
				CLANG_WARN_OBJC_LITERAL_CONVERSION = YES;
				CLANG_WARN_OBJC_ROOT_CLASS = YES_ERROR;
				CLANG_WARN_RANGE_LOOP_ANALYSIS = YES;
				CLANG_WARN_STRICT_PROTOTYPES = YES;
				CLANG_WARN_SUSPICIOUS_MOVE = YES;
				CLANG_WARN_UNGUARDED_AVAILABILITY = YES_AGGRESSIVE;
				CLANG_WARN_UNREACHABLE_CODE = YES;
				CLANG_WARN__DUPLICATE_METHOD_MATCH = YES;
				COPY_PHASE_STRIP = NO;
				DEBUG_INFORMATION_FORMAT = dwarf;
				ENABLE_STRICT_OBJC_MSGSEND = YES;
				ENABLE_TESTABILITY = YES;
				GCC_C_LANGUAGE_STANDARD = gnu11;
				GCC_DYNAMIC_NO_PIC = NO;
				GCC_NO_COMMON_BLOCKS = YES;
				GCC_OPTIMIZATION_LEVEL = 0;
				GCC_PREPROCESSOR_DEFINITIONS = (
					"DEBUG=1",
					"$(inherited)",
				);
				GCC_WARN_64_TO_32_BIT_CONVERSION = YES;
				GCC_WARN_ABOUT_RETURN_TYPE = YES_ERROR;
				GCC_WARN_UNDECLARED_SELECTOR = YES;
				GCC_WARN_UNINITIALIZED_AUTOS = YES_AGGRESSIVE;
				GCC_WARN_UNUSED_FUNCTION = YES;
				GCC_WARN_UNUSED_VARIABLE = YES;
				IPHONEOS_DEPLOYMENT_TARGET = 13.2;
				MTL_ENABLE_DEBUG_INFO = INCLUDE_SOURCE;
				MTL_FAST_MATH = YES;
				ONLY_ACTIVE_ARCH = YES;
				SDKROOT = iphoneos;
				SWIFT_ACTIVE_COMPILATION_CONDITIONS = DEBUG;
				SWIFT_OPTIMIZATION_LEVEL = "-Onone";
			};
			name = Debug;
		};
		36041580240C589300090EF3 /* Release */ = {
			isa = XCBuildConfiguration;
			buildSettings = {
				ALWAYS_SEARCH_USER_PATHS = NO;
				CLANG_ANALYZER_NONNULL = YES;
				CLANG_ANALYZER_NUMBER_OBJECT_CONVERSION = YES_AGGRESSIVE;
				CLANG_CXX_LANGUAGE_STANDARD = "gnu++14";
				CLANG_CXX_LIBRARY = "libc++";
				CLANG_ENABLE_MODULES = YES;
				CLANG_ENABLE_OBJC_ARC = YES;
				CLANG_ENABLE_OBJC_WEAK = YES;
				CLANG_WARN_BLOCK_CAPTURE_AUTORELEASING = YES;
				CLANG_WARN_BOOL_CONVERSION = YES;
				CLANG_WARN_COMMA = YES;
				CLANG_WARN_CONSTANT_CONVERSION = YES;
				CLANG_WARN_DEPRECATED_OBJC_IMPLEMENTATIONS = YES;
				CLANG_WARN_DIRECT_OBJC_ISA_USAGE = YES_ERROR;
				CLANG_WARN_DOCUMENTATION_COMMENTS = YES;
				CLANG_WARN_EMPTY_BODY = YES;
				CLANG_WARN_ENUM_CONVERSION = YES;
				CLANG_WARN_INFINITE_RECURSION = YES;
				CLANG_WARN_INT_CONVERSION = YES;
				CLANG_WARN_NON_LITERAL_NULL_CONVERSION = YES;
				CLANG_WARN_OBJC_IMPLICIT_RETAIN_SELF = YES;
				CLANG_WARN_OBJC_LITERAL_CONVERSION = YES;
				CLANG_WARN_OBJC_ROOT_CLASS = YES_ERROR;
				CLANG_WARN_RANGE_LOOP_ANALYSIS = YES;
				CLANG_WARN_STRICT_PROTOTYPES = YES;
				CLANG_WARN_SUSPICIOUS_MOVE = YES;
				CLANG_WARN_UNGUARDED_AVAILABILITY = YES_AGGRESSIVE;
				CLANG_WARN_UNREACHABLE_CODE = YES;
				CLANG_WARN__DUPLICATE_METHOD_MATCH = YES;
				COPY_PHASE_STRIP = NO;
				DEBUG_INFORMATION_FORMAT = "dwarf-with-dsym";
				ENABLE_NS_ASSERTIONS = NO;
				ENABLE_STRICT_OBJC_MSGSEND = YES;
				GCC_C_LANGUAGE_STANDARD = gnu11;
				GCC_NO_COMMON_BLOCKS = YES;
				GCC_WARN_64_TO_32_BIT_CONVERSION = YES;
				GCC_WARN_ABOUT_RETURN_TYPE = YES_ERROR;
				GCC_WARN_UNDECLARED_SELECTOR = YES;
				GCC_WARN_UNINITIALIZED_AUTOS = YES_AGGRESSIVE;
				GCC_WARN_UNUSED_FUNCTION = YES;
				GCC_WARN_UNUSED_VARIABLE = YES;
				IPHONEOS_DEPLOYMENT_TARGET = 13.2;
				MTL_ENABLE_DEBUG_INFO = NO;
				MTL_FAST_MATH = YES;
				SDKROOT = iphoneos;
				SWIFT_COMPILATION_MODE = wholemodule;
				SWIFT_OPTIMIZATION_LEVEL = "-O";
				VALIDATE_PRODUCT = YES;
			};
			name = Release;
		};
		36041582240C589300090EF3 /* Debug */ = {
			isa = XCBuildConfiguration;
			buildSettings = {
				ASSETCATALOG_COMPILER_APPICON_NAME = AppIcon;
				CODE_SIGN_STYLE = Automatic;
				DEVELOPMENT_TEAM = 2WCCWSFG99;
				INFOPLIST_FILE = Travel/Info.plist;
				LD_RUNPATH_SEARCH_PATHS = (
					"$(inherited)",
					"@executable_path/Frameworks",
				);
				PRODUCT_BUNDLE_IDENTIFIER = com.GeeTeam.Travel;
				PRODUCT_NAME = "$(TARGET_NAME)";
				SWIFT_VERSION = 5.0;
				TARGETED_DEVICE_FAMILY = "1,2";
			};
			name = Debug;
		};
		36041583240C589300090EF3 /* Release */ = {
			isa = XCBuildConfiguration;
			buildSettings = {
				ASSETCATALOG_COMPILER_APPICON_NAME = AppIcon;
				CODE_SIGN_STYLE = Automatic;
				DEVELOPMENT_TEAM = 2WCCWSFG99;
				INFOPLIST_FILE = Travel/Info.plist;
				LD_RUNPATH_SEARCH_PATHS = (
					"$(inherited)",
					"@executable_path/Frameworks",
				);
				PRODUCT_BUNDLE_IDENTIFIER = com.GeeTeam.Travel;
				PRODUCT_NAME = "$(TARGET_NAME)";
				SWIFT_VERSION = 5.0;
				TARGETED_DEVICE_FAMILY = "1,2";
			};
			name = Release;
		};
/* End XCBuildConfiguration section */

/* Begin XCConfigurationList section */
		36041568240C589200090EF3 /* Build configuration list for PBXProject "Travel" */ = {
			isa = XCConfigurationList;
			buildConfigurations = (
				3604157F240C589300090EF3 /* Debug */,
				36041580240C589300090EF3 /* Release */,
			);
			defaultConfigurationIsVisible = 0;
			defaultConfigurationName = Release;
		};
		36041581240C589300090EF3 /* Build configuration list for PBXNativeTarget "Travel" */ = {
			isa = XCConfigurationList;
			buildConfigurations = (
				36041582240C589300090EF3 /* Debug */,
				36041583240C589300090EF3 /* Release */,
			);
			defaultConfigurationIsVisible = 0;
			defaultConfigurationName = Release;
		};
/* End XCConfigurationList section */
	};
	rootObject = 36041565240C589200090EF3 /* Project object */;
}
